
Microsoft Visual Studio Solution File, Format Version 12.00
# Visual Studio Version 17
VisualStudioVersion = 17.0.31903.59
MinimumVisualStudioVersion = 10.0.40219.1
Project("{2150E333-8FDC-42A3-9474-1A3956D46DE8}") = "src", "src", "{06DA3606-EC2C-44C9-8262-818D8D7BCD91}"
EndProject
Project("{FAE04EC0-301F-11D3-BF4B-00C04F79EFBC}") = "AgendaFinanceira.SpikeFirebird", "src\AgendaFinanceira.SpikeFirebird\AgendaFinanceira.SpikeFirebird.csproj", "{F731D9DD-3FBD-460B-91B1-6813449FC9DC}"
EndProject
Global
	GlobalSection(SolutionConfigurationPlatforms) = preSolution
		Debug|Any CPU = Debug|Any CPU
		Release|Any CPU = Release|Any CPU
	EndGlobalSection
	GlobalSection(SolutionProperties) = preSolution
		HideSolutionNode = FALSE
	EndGlobalSection
	GlobalSection(ProjectConfigurationPlatforms) = postSolution
		{F731D9DD-3FBD-460B-91B1-6813449FC9DC}.Debug|Any CPU.ActiveCfg = Debug|Any CPU
		{F731D9DD-3FBD-460B-91B1-6813449FC9DC}.Debug|Any CPU.Build.0 = Debug|Any CPU
		{F731D9DD-3FBD-460B-91B1-6813449FC9DC}.Release|Any CPU.ActiveCfg = Release|Any CPU
		{F731D9DD-3FBD-460B-91B1-6813449FC9DC}.Release|Any CPU.Build.0 = Release|Any CPU
	EndGlobalSection
	GlobalSection(NestedProjects) = preSolution
		{F731D9DD-3FBD-460B-91B1-6813449FC9DC} = {06DA3606-EC2C-44C9-8262-818D8D7BCD91}
	EndGlobalSection
EndGlobal
